// !$*UTF8*$!
{
	archiveVersion = 1;
	classes = {
	};
	objectVersion = 51;
	objects = {

/* Begin PBXBuildFile section */
		4017AEA42503BA5A00059660 /* AppDelegate.swift in Sources */ = {isa = PBXBuildFile; fileRef = 4017AEA32503BA5A00059660 /* AppDelegate.swift */; };
		4017AEA62503BA5A00059660 /* SceneDelegate.swift in Sources */ = {isa = PBXBuildFile; fileRef = 4017AEA52503BA5A00059660 /* SceneDelegate.swift */; };
		4017AEA82503BA5A00059660 /* ViewController.swift in Sources */ = {isa = PBXBuildFile; fileRef = 4017AEA72503BA5A00059660 /* ViewController.swift */; };
		4017AEAB2503BA5A00059660 /* Main.storyboard in Resources */ = {isa = PBXBuildFile; fileRef = 4017AEA92503BA5A00059660 /* Main.storyboard */; };
		4017AEAD2503BA5D00059660 /* Assets.xcassets in Resources */ = {isa = PBXBuildFile; fileRef = 4017AEAC2503BA5D00059660 /* Assets.xcassets */; };
		4017AEB02503BA5D00059660 /* LaunchScreen.storyboard in Resources */ = {isa = PBXBuildFile; fileRef = 4017AEAE2503BA5D00059660 /* LaunchScreen.storyboard */; };
		99DA041AB9521E47F9DA8CE3 /* Pods_BranchDemo.framework in Frameworks */ = {isa = PBXBuildFile; fileRef = ACD90FA59509B3FB5EFD8574 /* Pods_BranchDemo.framework */; };
/* End PBXBuildFile section */

/* Begin PBXFileReference section */
		4017AEA02503BA5A00059660 /* BranchDemo.app */ = {isa = PBXFileReference; explicitFileType = wrapper.application; includeInIndex = 0; path = BranchDemo.app; sourceTree = BUILT_PRODUCTS_DIR; };
		4017AEA32503BA5A00059660 /* AppDelegate.swift */ = {isa = PBXFileReference; lastKnownFileType = sourcecode.swift; path = AppDelegate.swift; sourceTree = "<group>"; };
		4017AEA52503BA5A00059660 /* SceneDelegate.swift */ = {isa = PBXFileReference; lastKnownFileType = sourcecode.swift; path = SceneDelegate.swift; sourceTree = "<group>"; };
		4017AEA72503BA5A00059660 /* ViewController.swift */ = {isa = PBXFileReference; lastKnownFileType = sourcecode.swift; path = ViewController.swift; sourceTree = "<group>"; };
		4017AEAA2503BA5A00059660 /* Base */ = {isa = PBXFileReference; lastKnownFileType = file.storyboard; name = Base; path = Base.lproj/Main.storyboard; sourceTree = "<group>"; };
		4017AEAC2503BA5D00059660 /* Assets.xcassets */ = {isa = PBXFileReference; lastKnownFileType = folder.assetcatalog; path = Assets.xcassets; sourceTree = "<group>"; };
		4017AEAF2503BA5D00059660 /* Base */ = {isa = PBXFileReference; lastKnownFileType = file.storyboard; name = Base; path = Base.lproj/LaunchScreen.storyboard; sourceTree = "<group>"; };
		4017AEB12503BA5D00059660 /* Info.plist */ = {isa = PBXFileReference; lastKnownFileType = text.plist.xml; path = Info.plist; sourceTree = "<group>"; };
		40ABB1C42503BBCF00E7C934 /* BranchDemo.entitlements */ = {isa = PBXFileReference; lastKnownFileType = text.plist.entitlements; path = BranchDemo.entitlements; sourceTree = "<group>"; };
		57DF789BB963DAB325CB4D58 /* Pods-BranchDemo.release.xcconfig */ = {isa = PBXFileReference; includeInIndex = 1; lastKnownFileType = text.xcconfig; name = "Pods-BranchDemo.release.xcconfig"; path = "Target Support Files/Pods-BranchDemo/Pods-BranchDemo.release.xcconfig"; sourceTree = "<group>"; };
		ACD90FA59509B3FB5EFD8574 /* Pods_BranchDemo.framework */ = {isa = PBXFileReference; explicitFileType = wrapper.framework; includeInIndex = 0; path = Pods_BranchDemo.framework; sourceTree = BUILT_PRODUCTS_DIR; };
		FD4550A8D3BBE20D94A10886 /* Pods-BranchDemo.debug.xcconfig */ = {isa = PBXFileReference; includeInIndex = 1; lastKnownFileType = text.xcconfig; name = "Pods-BranchDemo.debug.xcconfig"; path = "Target Support Files/Pods-BranchDemo/Pods-BranchDemo.debug.xcconfig"; sourceTree = "<group>"; };
/* End PBXFileReference section */

/* Begin PBXFrameworksBuildPhase section */
		4017AE9D2503BA5A00059660 /* Frameworks */ = {
			isa = PBXFrameworksBuildPhase;
			buildActionMask = 2147483647;
			files = (
				99DA041AB9521E47F9DA8CE3 /* Pods_BranchDemo.framework in Frameworks */,
			);
			runOnlyForDeploymentPostprocessing = 0;
		};
/* End PBXFrameworksBuildPhase section */

/* Begin PBXGroup section */
		1C4545DEE8E7AEE0C57E7394 /* Pods */ = {
			isa = PBXGroup;
			children = (
				FD4550A8D3BBE20D94A10886 /* Pods-BranchDemo.debug.xcconfig */,
				57DF789BB963DAB325CB4D58 /* Pods-BranchDemo.release.xcconfig */,
			);
			path = Pods;
			sourceTree = "<group>";
		};
		4017AE972503BA5A00059660 = {
			isa = PBXGroup;
			children = (
				4017AEA22503BA5A00059660 /* BranchDemo */,
				4017AEA12503BA5A00059660 /* Products */,
				1C4545DEE8E7AEE0C57E7394 /* Pods */,
				B2BD831379B004577F0800F5 /* Frameworks */,
			);
			sourceTree = "<group>";
		};
		4017AEA12503BA5A00059660 /* Products */ = {
			isa = PBXGroup;
			children = (
				4017AEA02503BA5A00059660 /* BranchDemo.app */,
			);
			name = Products;
			sourceTree = "<group>";
		};
		4017AEA22503BA5A00059660 /* BranchDemo */ = {
			isa = PBXGroup;
			children = (
				40ABB1C42503BBCF00E7C934 /* BranchDemo.entitlements */,
				4017AEA32503BA5A00059660 /* AppDelegate.swift */,
				4017AEA52503BA5A00059660 /* SceneDelegate.swift */,
				4017AEA72503BA5A00059660 /* ViewController.swift */,
				4017AEA92503BA5A00059660 /* Main.storyboard */,
				4017AEAC2503BA5D00059660 /* Assets.xcassets */,
				4017AEAE2503BA5D00059660 /* LaunchScreen.storyboard */,
				4017AEB12503BA5D00059660 /* Info.plist */,
			);
			path = BranchDemo;
			sourceTree = "<group>";
		};
		B2BD831379B004577F0800F5 /* Frameworks */ = {
			isa = PBXGroup;
			children = (
				ACD90FA59509B3FB5EFD8574 /* Pods_BranchDemo.framework */,
			);
			name = Frameworks;
			sourceTree = "<group>";
		};
/* End PBXGroup section */

/* Begin PBXNativeTarget section */
		4017AE9F2503BA5A00059660 /* BranchDemo */ = {
			isa = PBXNativeTarget;
			buildConfigurationList = 4017AEB42503BA5D00059660 /* Build configuration list for PBXNativeTarget "BranchDemo" */;
			buildPhases = (
				9A5654402D8409D4E9BA3B19 /* [CP] Check Pods Manifest.lock */,
				4017AE9C2503BA5A00059660 /* Sources */,
				4017AE9D2503BA5A00059660 /* Frameworks */,
				4017AE9E2503BA5A00059660 /* Resources */,
				1DD5129A12B5AF71A707B781 /* [CP] Embed Pods Frameworks */,
			);
			buildRules = (
			);
			dependencies = (
			);
			name = BranchDemo;
			productName = BranchDemo;
			productReference = 4017AEA02503BA5A00059660 /* BranchDemo.app */;
			productType = "com.apple.product-type.application";
		};
/* End PBXNativeTarget section */

/* Begin PBXProject section */
		4017AE982503BA5A00059660 /* Project object */ = {
			isa = PBXProject;
			attributes = {
				LastSwiftUpdateCheck = 1170;
				LastUpgradeCheck = 1170;
				ORGANIZATIONNAME = "Aditya Korde";
				TargetAttributes = {
					4017AE9F2503BA5A00059660 = {
						CreatedOnToolsVersion = 11.7;
					};
				};
			};
			buildConfigurationList = 4017AE9B2503BA5A00059660 /* Build configuration list for PBXProject "BranchDemo" */;
			compatibilityVersion = "Xcode 9.3";
			developmentRegion = en;
			hasScannedForEncodings = 0;
			knownRegions = (
				en,
				Base,
			);
			mainGroup = 4017AE972503BA5A00059660;
			productRefGroup = 4017AEA12503BA5A00059660 /* Products */;
			projectDirPath = "";
			projectRoot = "";
			targets = (
				4017AE9F2503BA5A00059660 /* BranchDemo */,
			);
		};
/* End PBXProject section */

/* Begin PBXResourcesBuildPhase section */
		4017AE9E2503BA5A00059660 /* Resources */ = {
			isa = PBXResourcesBuildPhase;
			buildActionMask = 2147483647;
			files = (
				4017AEB02503BA5D00059660 /* LaunchScreen.storyboard in Resources */,
				4017AEAD2503BA5D00059660 /* Assets.xcassets in Resources */,
				4017AEAB2503BA5A00059660 /* Main.storyboard in Resources */,
			);
			runOnlyForDeploymentPostprocessing = 0;
		};
/* End PBXResourcesBuildPhase section */

/* Begin PBXShellScriptBuildPhase section */
		1DD5129A12B5AF71A707B781 /* [CP] Embed Pods Frameworks */ = {
			isa = PBXShellScriptBuildPhase;
			buildActionMask = 2147483647;
			files = (
			);
			inputFileListPaths = (
				"${PODS_ROOT}/Target Support Files/Pods-BranchDemo/Pods-BranchDemo-frameworks-${CONFIGURATION}-input-files.xcfilelist",
			);
			name = "[CP] Embed Pods Frameworks";
			outputFileListPaths = (
				"${PODS_ROOT}/Target Support Files/Pods-BranchDemo/Pods-BranchDemo-frameworks-${CONFIGURATION}-output-files.xcfilelist",
			);
			runOnlyForDeploymentPostprocessing = 0;
			shellPath = /bin/sh;
			shellScript = "\"${PODS_ROOT}/Target Support Files/Pods-BranchDemo/Pods-BranchDemo-frameworks.sh\"\n";
			showEnvVarsInLog = 0;
		};
		9A5654402D8409D4E9BA3B19 /* [CP] Check Pods Manifest.lock */ = {
			isa = PBXShellScriptBuildPhase;
			buildActionMask = 2147483647;
			files = (
			);
			inputFileListPaths = (
			);
			inputPaths = (
				"${PODS_PODFILE_DIR_PATH}/Podfile.lock",
				"${PODS_ROOT}/Manifest.lock",
			);
			name = "[CP] Check Pods Manifest.lock";
			outputFileListPaths = (
			);
			outputPaths = (
				"$(DERIVED_FILE_DIR)/Pods-BranchDemo-checkManifestLockResult.txt",
			);
			runOnlyForDeploymentPostprocessing = 0;
			shellPath = /bin/sh;
			shellScript = "diff \"${PODS_PODFILE_DIR_PATH}/Podfile.lock\" \"${PODS_ROOT}/Manifest.lock\" > /dev/null\nif [ $? != 0 ] ; then\n    # print error to STDERR\n    echo \"error: The sandbox is not in sync with the Podfile.lock. Run 'pod install' or update your CocoaPods installation.\" >&2\n    exit 1\nfi\n# This output is used by Xcode 'outputs' to avoid re-running this script phase.\necho \"SUCCESS\" > \"${SCRIPT_OUTPUT_FILE_0}\"\n";
			showEnvVarsInLog = 0;
		};
/* End PBXShellScriptBuildPhase section */

/* Begin PBXSourcesBuildPhase section */
		4017AE9C2503BA5A00059660 /* Sources */ = {
			isa = PBXSourcesBuildPhase;
			buildActionMask = 2147483647;
			files = (
				4017AEA82503BA5A00059660 /* ViewController.swift in Sources */,
				4017AEA42503BA5A00059660 /* AppDelegate.swift in Sources */,
				4017AEA62503BA5A00059660 /* SceneDelegate.swift in Sources */,
			);
			runOnlyForDeploymentPostprocessing = 0;
		};
/* End PBXSourcesBuildPhase section */

/* Begin PBXVariantGroup section */
		4017AEA92503BA5A00059660 /* Main.storyboard */ = {
			isa = PBXVariantGroup;
			children = (
				4017AEAA2503BA5A00059660 /* Base */,
			);
			name = Main.storyboard;
			sourceTree = "<group>";
		};
		4017AEAE2503BA5D00059660 /* LaunchScreen.storyboard */ = {
			isa = PBXVariantGroup;
			children = (
				4017AEAF2503BA5D00059660 /* Base */,
			);
			name = LaunchScreen.storyboard;
			sourceTree = "<group>";
		};
/* End PBXVariantGroup section */

/* Begin XCBuildConfiguration section */
		4017AEB22503BA5D00059660 /* Debug */ = {
			isa = XCBuildConfiguration;
			buildSettings = {
				ALWAYS_SEARCH_USER_PATHS = NO;
				CLANG_ANALYZER_NONNULL = YES;
				CLANG_ANALYZER_NUMBER_OBJECT_CONVERSION = YES_AGGRESSIVE;
				CLANG_CXX_LANGUAGE_STANDARD = "gnu++14";
				CLANG_CXX_LIBRARY = "libc++";
				CLANG_ENABLE_MODULES = YES;
				CLANG_ENABLE_OBJC_ARC = YES;
				CLANG_ENABLE_OBJC_WEAK = YES;
				CLANG_WARN_BLOCK_CAPTURE_AUTORELEASING = YES;
				CLANG_WARN_BOOL_CONVERSION = YES;
				CLANG_WARN_COMMA = YES;
				CLANG_WARN_CONSTANT_CONVERSION = YES;
				CLANG_WARN_DEPRECATED_OBJC_IMPLEMENTATIONS = YES;
				CLANG_WARN_DIRECT_OBJC_ISA_USAGE = YES_ERROR;
				CLANG_WARN_DOCUMENTATION_COMMENTS = YES;
				CLANG_WARN_EMPTY_BODY = YES;
				CLANG_WARN_ENUM_CONVERSION = YES;
				CLANG_WARN_INFINITE_RECURSION = YES;
				CLANG_WARN_INT_CONVERSION = YES;
				CLANG_WARN_NON_LITERAL_NULL_CONVERSION = YES;
				CLANG_WARN_OBJC_IMPLICIT_RETAIN_SELF = YES;
				CLANG_WARN_OBJC_LITERAL_CONVERSION = YES;
				CLANG_WARN_OBJC_ROOT_CLASS = YES_ERROR;
				CLANG_WARN_RANGE_LOOP_ANALYSIS = YES;
				CLANG_WARN_STRICT_PROTOTYPES = YES;
				CLANG_WARN_SUSPICIOUS_MOVE = YES;
				CLANG_WARN_UNGUARDED_AVAILABILITY = YES_AGGRESSIVE;
				CLANG_WARN_UNREACHABLE_CODE = YES;
				CLANG_WARN__DUPLICATE_METHOD_MATCH = YES;
				COPY_PHASE_STRIP = NO;
				DEBUG_INFORMATION_FORMAT = dwarf;
				ENABLE_STRICT_OBJC_MSGSEND = YES;
				ENABLE_TESTABILITY = YES;
				GCC_C_LANGUAGE_STANDARD = gnu11;
				GCC_DYNAMIC_NO_PIC = NO;
				GCC_NO_COMMON_BLOCKS = YES;
				GCC_OPTIMIZATION_LEVEL = 0;
				GCC_PREPROCESSOR_DEFINITIONS = (
					"DEBUG=1",
					"$(inherited)",
				);
				GCC_WARN_64_TO_32_BIT_CONVERSION = YES;
				GCC_WARN_ABOUT_RETURN_TYPE = YES_ERROR;
				GCC_WARN_UNDECLARED_SELECTOR = YES;
				GCC_WARN_UNINITIALIZED_AUTOS = YES_AGGRESSIVE;
				GCC_WARN_UNUSED_FUNCTION = YES;
				GCC_WARN_UNUSED_VARIABLE = YES;
				IPHONEOS_DEPLOYMENT_TARGET = 13.7;
				MTL_ENABLE_DEBUG_INFO = INCLUDE_SOURCE;
				MTL_FAST_MATH = YES;
				ONLY_ACTIVE_ARCH = YES;
				SDKROOT = iphoneos;
				SWIFT_ACTIVE_COMPILATION_CONDITIONS = DEBUG;
				SWIFT_OPTIMIZATION_LEVEL = "-Onone";
			};
			name = Debug;
		};
		4017AEB32503BA5D00059660 /* Release */ = {
			isa = XCBuildConfiguration;
			buildSettings = {
				ALWAYS_SEARCH_USER_PATHS = NO;
				CLANG_ANALYZER_NONNULL = YES;
				CLANG_ANALYZER_NUMBER_OBJECT_CONVERSION = YES_AGGRESSIVE;
				CLANG_CXX_LANGUAGE_STANDARD = "gnu++14";
				CLANG_CXX_LIBRARY = "libc++";
				CLANG_ENABLE_MODULES = YES;
				CLANG_ENABLE_OBJC_ARC = YES;
				CLANG_ENABLE_OBJC_WEAK = YES;
				CLANG_WARN_BLOCK_CAPTURE_AUTORELEASING = YES;
				CLANG_WARN_BOOL_CONVERSION = YES;
				CLANG_WARN_COMMA = YES;
				CLANG_WARN_CONSTANT_CONVERSION = YES;
				CLANG_WARN_DEPRECATED_OBJC_IMPLEMENTATIONS = YES;
				CLANG_WARN_DIRECT_OBJC_ISA_USAGE = YES_ERROR;
				CLANG_WARN_DOCUMENTATION_COMMENTS = YES;
				CLANG_WARN_EMPTY_BODY = YES;
				CLANG_WARN_ENUM_CONVERSION = YES;
				CLANG_WARN_INFINITE_RECURSION = YES;
				CLANG_WARN_INT_CONVERSION = YES;
				CLANG_WARN_NON_LITERAL_NULL_CONVERSION = YES;
				CLANG_WARN_OBJC_IMPLICIT_RETAIN_SELF = YES;
				CLANG_WARN_OBJC_LITERAL_CONVERSION = YES;
				CLANG_WARN_OBJC_ROOT_CLASS = YES_ERROR;
				CLANG_WARN_RANGE_LOOP_ANALYSIS = YES;
				CLANG_WARN_STRICT_PROTOTYPES = YES;
				CLANG_WARN_SUSPICIOUS_MOVE = YES;
				CLANG_WARN_UNGUARDED_AVAILABILITY = YES_AGGRESSIVE;
				CLANG_WARN_UNREACHABLE_CODE = YES;
				CLANG_WARN__DUPLICATE_METHOD_MATCH = YES;
				COPY_PHASE_STRIP = NO;
				DEBUG_INFORMATION_FORMAT = "dwarf-with-dsym";
				ENABLE_NS_ASSERTIONS = NO;
				ENABLE_STRICT_OBJC_MSGSEND = YES;
				GCC_C_LANGUAGE_STANDARD = gnu11;
				GCC_NO_COMMON_BLOCKS = YES;
				GCC_WARN_64_TO_32_BIT_CONVERSION = YES;
				GCC_WARN_ABOUT_RETURN_TYPE = YES_ERROR;
				GCC_WARN_UNDECLARED_SELECTOR = YES;
				GCC_WARN_UNINITIALIZED_AUTOS = YES_AGGRESSIVE;
				GCC_WARN_UNUSED_FUNCTION = YES;
				GCC_WARN_UNUSED_VARIABLE = YES;
				IPHONEOS_DEPLOYMENT_TARGET = 13.7;
				MTL_ENABLE_DEBUG_INFO = NO;
				MTL_FAST_MATH = YES;
				SDKROOT = iphoneos;
				SWIFT_COMPILATION_MODE = wholemodule;
				SWIFT_OPTIMIZATION_LEVEL = "-O";
				VALIDATE_PRODUCT = YES;
			};
			name = Release;
		};
		4017AEB52503BA5D00059660 /* Debug */ = {
			isa = XCBuildConfiguration;
			baseConfigurationReference = FD4550A8D3BBE20D94A10886 /* Pods-BranchDemo.debug.xcconfig */;
			buildSettings = {
				ASSETCATALOG_COMPILER_APPICON_NAME = AppIcon;
				CODE_SIGN_ENTITLEMENTS = BranchDemo/BranchDemo.entitlements;
				CODE_SIGN_STYLE = Automatic;
				INFOPLIST_FILE = BranchDemo/Info.plist;
				LD_RUNPATH_SEARCH_PATHS = (
					"$(inherited)",
					"@executable_path/Frameworks",
				);
				PRODUCT_BUNDLE_IDENTIFIER = com.branch.BranchDemo;
				PRODUCT_NAME = "$(TARGET_NAME)";
				SWIFT_VERSION = 5.0;
				TARGETED_DEVICE_FAMILY = "1,2";
			};
			name = Debug;
		};
		4017AEB62503BA5D00059660 /* Release */ = {
			isa = XCBuildConfiguration;
			baseConfigurationReference = 57DF789BB963DAB325CB4D58 /* Pods-BranchDemo.release.xcconfig */;
			buildSettings = {
				ASSETCATALOG_COMPILER_APPICON_NAME = AppIcon;
				CODE_SIGN_ENTITLEMENTS = BranchDemo/BranchDemo.entitlements;
				CODE_SIGN_STYLE = Automatic;
				INFOPLIST_FILE = BranchDemo/Info.plist;
				LD_RUNPATH_SEARCH_PATHS = (
					"$(inherited)",
					"@executable_path/Frameworks",
				);
				PRODUCT_BUNDLE_IDENTIFIER = com.branch.BranchDemo;
				PRODUCT_NAME = "$(TARGET_NAME)";
				SWIFT_VERSION = 5.0;
				TARGETED_DEVICE_FAMILY = "1,2";
			};
			name = Release;
		};
/* End XCBuildConfiguration section */

/* Begin XCConfigurationList section */
		4017AE9B2503BA5A00059660 /* Build configuration list for PBXProject "BranchDemo" */ = {
			isa = XCConfigurationList;
			buildConfigurations = (
				4017AEB22503BA5D00059660 /* Debug */,
				4017AEB32503BA5D00059660 /* Release */,
			);
			defaultConfigurationIsVisible = 0;
			defaultConfigurationName = Release;
		};
		4017AEB42503BA5D00059660 /* Build configuration list for PBXNativeTarget "BranchDemo" */ = {
			isa = XCConfigurationList;
			buildConfigurations = (
				4017AEB52503BA5D00059660 /* Debug */,
				4017AEB62503BA5D00059660 /* Release */,
			);
			defaultConfigurationIsVisible = 0;
			defaultConfigurationName = Release;
		};
/* End XCConfigurationList section */
	};
	rootObject = 4017AE982503BA5A00059660 /* Project object */;
}
